
Microsoft Visual Studio Solution File, Format Version 12.00
# Visual Studio Version 17
VisualStudioVersion = 17.3.32929.385
MinimumVisualStudioVersion = 10.0.40219.1
Project("{8BC9CEB8-8B4A-11D0-8D11-00A0C91BC942}") = "Client1", "Client1\Client1.vcxproj", "{0967A0F3-8015-43C8-BCEC-CC8498E79522}"
EndProject
Global
	GlobalSection(SolutionConfigurationPlatforms) = preSolution
		Debug|x64 = Debug|x64
		Debug|x86 = Debug|x86
		Release|x64 = Release|x64
		Release|x86 = Release|x86
	EndGlobalSection
	GlobalSection(ProjectConfigurationPlatforms) = postSolution
		{0967A0F3-8015-43C8-BCEC-CC8498E79522}.Debug|x64.ActiveCfg = Debug|x64
		{0967A0F3-8015-43C8-BCEC-CC8498E79522}.Debug|x64.Build.0 = Debug|x64
		{0967A0F3-8015-43C8-BCEC-CC8498E79522}.Debug|x86.ActiveCfg = Debug|Win32
		{0967A0F3-8015-43C8-BCEC-CC8498E79522}.Debug|x86.Build.0 = Debug|Win32
		{0967A0F3-8015-43C8-BCEC-CC8498E79522}.Release|x64.ActiveCfg = Release|x64
		{0967A0F3-8015-43C8-BCEC-CC8498E79522}.Release|x64.Build.0 = Release|x64
		{0967A0F3-8015-43C8-BCEC-CC8498E79522}.Release|x86.ActiveCfg = Release|Win32
		{0967A0F3-8015-43C8-BCEC-CC8498E79522}.Release|x86.Build.0 = Release|Win32
	EndGlobalSection
	GlobalSection(SolutionProperties) = preSolution
		HideSolutionNode = FALSE
	EndGlobalSection
	GlobalSection(ExtensibilityGlobals) = postSolution
		SolutionGuid = {146A7309-9C32-494D-BB60-DC6F546F8697}
	EndGlobalSection
EndGlobal
